
Microsoft Visual Studio Solution File, Format Version 12.00
# Visual Studio 15
VisualStudioVersion = 15.0.28307.421
MinimumVisualStudioVersion = 10.0.40219.1
Project("{FAE04EC0-301F-11D3-BF4B-00C04F79EFBC}") = "Monolitycznie", "Monolitycznie\Monolitycznie.csproj", "{A98CEF33-EF93-4CF8-AB72-28EB8BA4B044}"
EndProject
Project("{FAE04EC0-301F-11D3-BF4B-00C04F79EFBC}") = "Proceduralnie", "Proceduralnie\Proceduralnie.csproj", "{520644B2-AC70-478D-A9B1-4BFB0CB8FCC3}"
EndProject
Project("{FAE04EC0-301F-11D3-BF4B-00C04F79EFBC}") = "GraLib", "GraLib\GraLib.csproj", "{39E847F4-279D-4BEA-B10A-4082BD36E413}"
EndProject
Project("{FAE04EC0-301F-11D3-BF4B-00C04F79EFBC}") = "ConsoleAppGra", "ConsoleAppGra\ConsoleAppGra.csproj", "{357C5110-A778-4583-9D93-39C7BDCAAA13}"
EndProject
Project("{FAE04EC0-301F-11D3-BF4B-00C04F79EFBC}") = "GraGUI", "GraGUI\GraGUI.csproj", "{90AD8262-4E9A-495B-8E9B-6A8F7EE169B6}"
EndProject
Global
	GlobalSection(SolutionConfigurationPlatforms) = preSolution
		Debug|Any CPU = Debug|Any CPU
		Release|Any CPU = Release|Any CPU
	EndGlobalSection
	GlobalSection(ProjectConfigurationPlatforms) = postSolution
		{A98CEF33-EF93-4CF8-AB72-28EB8BA4B044}.Debug|Any CPU.ActiveCfg = Debug|Any CPU
		{A98CEF33-EF93-4CF8-AB72-28EB8BA4B044}.Debug|Any CPU.Build.0 = Debug|Any CPU
		{A98CEF33-EF93-4CF8-AB72-28EB8BA4B044}.Release|Any CPU.ActiveCfg = Release|Any CPU
		{A98CEF33-EF93-4CF8-AB72-28EB8BA4B044}.Release|Any CPU.Build.0 = Release|Any CPU
		{520644B2-AC70-478D-A9B1-4BFB0CB8FCC3}.Debug|Any CPU.ActiveCfg = Debug|Any CPU
		{520644B2-AC70-478D-A9B1-4BFB0CB8FCC3}.Debug|Any CPU.Build.0 = Debug|Any CPU
		{520644B2-AC70-478D-A9B1-4BFB0CB8FCC3}.Release|Any CPU.ActiveCfg = Release|Any CPU
		{520644B2-AC70-478D-A9B1-4BFB0CB8FCC3}.Release|Any CPU.Build.0 = Release|Any CPU
		{39E847F4-279D-4BEA-B10A-4082BD36E413}.Debug|Any CPU.ActiveCfg = Debug|Any CPU
		{39E847F4-279D-4BEA-B10A-4082BD36E413}.Debug|Any CPU.Build.0 = Debug|Any CPU
		{39E847F4-279D-4BEA-B10A-4082BD36E413}.Release|Any CPU.ActiveCfg = Release|Any CPU
		{39E847F4-279D-4BEA-B10A-4082BD36E413}.Release|Any CPU.Build.0 = Release|Any CPU
		{357C5110-A778-4583-9D93-39C7BDCAAA13}.Debug|Any CPU.ActiveCfg = Debug|Any CPU
		{357C5110-A778-4583-9D93-39C7BDCAAA13}.Debug|Any CPU.Build.0 = Debug|Any CPU
		{357C5110-A778-4583-9D93-39C7BDCAAA13}.Release|Any CPU.ActiveCfg = Release|Any CPU
		{357C5110-A778-4583-9D93-39C7BDCAAA13}.Release|Any CPU.Build.0 = Release|Any CPU
		{90AD8262-4E9A-495B-8E9B-6A8F7EE169B6}.Debug|Any CPU.ActiveCfg = Debug|Any CPU
		{90AD8262-4E9A-495B-8E9B-6A8F7EE169B6}.Debug|Any CPU.Build.0 = Debug|Any CPU
		{90AD8262-4E9A-495B-8E9B-6A8F7EE169B6}.Release|Any CPU.ActiveCfg = Release|Any CPU
		{90AD8262-4E9A-495B-8E9B-6A8F7EE169B6}.Release|Any CPU.Build.0 = Release|Any CPU
	EndGlobalSection
	GlobalSection(SolutionProperties) = preSolution
		HideSolutionNode = FALSE
	EndGlobalSection
	GlobalSection(ExtensibilityGlobals) = postSolution
		SolutionGuid = {737A5FA0-8981-46F6-AC33-3AFB9A906B07}
	EndGlobalSection
EndGlobal
